{
  "lockfileVersion": 1,
  "workspaces": {
    "": {
      "name": "proj",
      "devDependencies": {
        "@biomejs/biome": "^1.9.4",
        "@proj/configs": "workspace:*",
        "@types/bun": "^1.2.4",
        "git-cz": "^4.9.0",
        "lefthook": "^1.11.2",
        "typescript": "^5.8.2",
      },
    },
    "packages/configs": {
      "name": "@proj/configs",
      "version": "1.0.0",
    },
    "packages/react": {
      "name": "@proj/react",
      "version": "1.0.0",
      "dependencies": {
        "@proj/utils": "workspace:*",
      },
      "devDependencies": {
        "@proj/configs": "workspace:*",
        "@testing-library/react": "^16.2.0",
      },
      "peerDependencies": {
        "@types/react": "^19.0.10",
        "react": "^19.0.0",
      },
    },
    "packages/utils": {
      "name": "@proj/utils",
      "version": "1.0.0",
      "devDependencies": {
        "@proj/configs": "workspace:*",
      },
    },
  },
  "packages": {
    "@babel/code-frame": ["@babel/code-frame@7.26.2", "https://registry.npmmirror.com/@babel/code-frame/-/code-frame-7.26.2.tgz", { "dependencies": { "@babel/helper-validator-identifier": "^7.25.9", "js-tokens": "^4.0.0", "picocolors": "^1.0.0" } }, "sha512-RJlIHRueQgwWitWgF8OdFYGZX328Ax5BCemNGlqHfplnRT9ESi8JkFlvaVYbS+UubVY6dpv87Fs2u5M29iNFVQ=="],

    "@babel/helper-validator-identifier": ["@babel/helper-validator-identifier@7.25.9", "https://registry.npmmirror.com/@babel/helper-validator-identifier/-/helper-validator-identifier-7.25.9.tgz", {}, "sha512-Ed61U6XJc3CVRfkERJWDz4dJwKe7iLmmJsbOGu9wSloNSFttHV0I8g6UAgb7qnK5ly5bGLPd4oXZlxCdANBOWQ=="],

    "@babel/runtime": ["@babel/runtime@7.26.9", "https://registry.npmmirror.com/@babel/runtime/-/runtime-7.26.9.tgz", { "dependencies": { "regenerator-runtime": "^0.14.0" } }, "sha512-aA63XwOkcl4xxQa3HjPMqOP6LiK0ZDv3mUPYEFXkpHbaFjtGggE1A61FjFzJnB+p7/oy2gA8E+rcBNl/zC1tMg=="],

    "@biomejs/biome": ["@biomejs/biome@1.9.4", "https://registry.npmmirror.com/@biomejs/biome/-/biome-1.9.4.tgz", { "optionalDependencies": { "@biomejs/cli-darwin-arm64": "1.9.4", "@biomejs/cli-darwin-x64": "1.9.4", "@biomejs/cli-linux-arm64": "1.9.4", "@biomejs/cli-linux-arm64-musl": "1.9.4", "@biomejs/cli-linux-x64": "1.9.4", "@biomejs/cli-linux-x64-musl": "1.9.4", "@biomejs/cli-win32-arm64": "1.9.4", "@biomejs/cli-win32-x64": "1.9.4" }, "bin": { "biome": "bin/biome" } }, "sha512-1rkd7G70+o9KkTn5KLmDYXihGoTaIGO9PIIN2ZB7UJxFrWw04CZHPYiMRjYsaDvVV7hP1dYNRLxSANLaBFGpog=="],

    "@biomejs/cli-darwin-arm64": ["@biomejs/cli-darwin-arm64@1.9.4", "https://registry.npmmirror.com/@biomejs/cli-darwin-arm64/-/cli-darwin-arm64-1.9.4.tgz", { "os": "darwin", "cpu": "arm64" }, "sha512-bFBsPWrNvkdKrNCYeAp+xo2HecOGPAy9WyNyB/jKnnedgzl4W4Hb9ZMzYNbf8dMCGmUdSavlYHiR01QaYR58cw=="],

    "@biomejs/cli-darwin-x64": ["@biomejs/cli-darwin-x64@1.9.4", "https://registry.npmmirror.com/@biomejs/cli-darwin-x64/-/cli-darwin-x64-1.9.4.tgz", { "os": "darwin", "cpu": "x64" }, "sha512-ngYBh/+bEedqkSevPVhLP4QfVPCpb+4BBe2p7Xs32dBgs7rh9nY2AIYUL6BgLw1JVXV8GlpKmb/hNiuIxfPfZg=="],

    "@biomejs/cli-linux-arm64": ["@biomejs/cli-linux-arm64@1.9.4", "https://registry.npmmirror.com/@biomejs/cli-linux-arm64/-/cli-linux-arm64-1.9.4.tgz", { "os": "linux", "cpu": "arm64" }, "sha512-fJIW0+LYujdjUgJJuwesP4EjIBl/N/TcOX3IvIHJQNsAqvV2CHIogsmA94BPG6jZATS4Hi+xv4SkBBQSt1N4/g=="],

    "@biomejs/cli-linux-arm64-musl": ["@biomejs/cli-linux-arm64-musl@1.9.4", "https://registry.npmmirror.com/@biomejs/cli-linux-arm64-musl/-/cli-linux-arm64-musl-1.9.4.tgz", { "os": "linux", "cpu": "arm64" }, "sha512-v665Ct9WCRjGa8+kTr0CzApU0+XXtRgwmzIf1SeKSGAv+2scAlW6JR5PMFo6FzqqZ64Po79cKODKf3/AAmECqA=="],

    "@biomejs/cli-linux-x64": ["@biomejs/cli-linux-x64@1.9.4", "https://registry.npmmirror.com/@biomejs/cli-linux-x64/-/cli-linux-x64-1.9.4.tgz", { "os": "linux", "cpu": "x64" }, "sha512-lRCJv/Vi3Vlwmbd6K+oQ0KhLHMAysN8lXoCI7XeHlxaajk06u7G+UsFSO01NAs5iYuWKmVZjmiOzJ0OJmGsMwg=="],

    "@biomejs/cli-linux-x64-musl": ["@biomejs/cli-linux-x64-musl@1.9.4", "https://registry.npmmirror.com/@biomejs/cli-linux-x64-musl/-/cli-linux-x64-musl-1.9.4.tgz", { "os": "linux", "cpu": "x64" }, "sha512-gEhi/jSBhZ2m6wjV530Yy8+fNqG8PAinM3oV7CyO+6c3CEh16Eizm21uHVsyVBEB6RIM8JHIl6AGYCv6Q6Q9Tg=="],

    "@biomejs/cli-win32-arm64": ["@biomejs/cli-win32-arm64@1.9.4", "https://registry.npmmirror.com/@biomejs/cli-win32-arm64/-/cli-win32-arm64-1.9.4.tgz", { "os": "win32", "cpu": "arm64" }, "sha512-tlbhLk+WXZmgwoIKwHIHEBZUwxml7bRJgk0X2sPyNR3S93cdRq6XulAZRQJ17FYGGzWne0fgrXBKpl7l4M87Hg=="],

    "@biomejs/cli-win32-x64": ["@biomejs/cli-win32-x64@1.9.4", "https://registry.npmmirror.com/@biomejs/cli-win32-x64/-/cli-win32-x64-1.9.4.tgz", { "os": "win32", "cpu": "x64" }, "sha512-8Y5wMhVIPaWe6jw2H+KlEm4wP/f7EW3810ZLmDlrEEy5KvBsb9ECEfu/kMWD484ijfQ8+nIi0giMgu9g1UAuuA=="],

    "@proj/configs": ["@proj/configs@workspace:packages/configs"],

    "@proj/react": ["@proj/react@workspace:packages/react"],

    "@proj/utils": ["@proj/utils@workspace:packages/utils"],

    "@testing-library/dom": ["@testing-library/dom@10.4.0", "https://registry.npmmirror.com/@testing-library/dom/-/dom-10.4.0.tgz", { "dependencies": { "@babel/code-frame": "^7.10.4", "@babel/runtime": "^7.12.5", "@types/aria-query": "^5.0.1", "aria-query": "5.3.0", "chalk": "^4.1.0", "dom-accessibility-api": "^0.5.9", "lz-string": "^1.5.0", "pretty-format": "^27.0.2" } }, "sha512-pemlzrSESWbdAloYml3bAJMEfNh1Z7EduzqPKprCH5S341frlpYnUEW0H72dLxa6IsYr+mPno20GiSm+h9dEdQ=="],

    "@testing-library/react": ["@testing-library/react@16.2.0", "https://registry.npmmirror.com/@testing-library/react/-/react-16.2.0.tgz", { "dependencies": { "@babel/runtime": "^7.12.5" }, "peerDependencies": { "@testing-library/dom": "^10.0.0", "@types/react": "^18.0.0 || ^19.0.0", "@types/react-dom": "^18.0.0 || ^19.0.0", "react": "^18.0.0 || ^19.0.0", "react-dom": "^18.0.0 || ^19.0.0" }, "optionalPeers": ["@types/react", "@types/react-dom"] }, "sha512-2cSskAvA1QNtKc8Y9VJQRv0tm3hLVgxRGDB+KYhIaPQJ1I+RHbhIXcM+zClKXzMes/wshsMVzf4B9vS4IZpqDQ=="],

    "@types/aria-query": ["@types/aria-query@5.0.4", "https://registry.npmmirror.com/@types/aria-query/-/aria-query-5.0.4.tgz", {}, "sha512-rfT93uj5s0PRL7EzccGMs3brplhcrghnDoV26NqKhCAS1hVo+WdNsPvE/yb6ilfr5hi2MEk6d5EWJTKdxg8jVw=="],

    "@types/bun": ["@types/bun@1.2.4", "https://registry.npmmirror.com/@types/bun/-/bun-1.2.4.tgz", { "dependencies": { "bun-types": "1.2.4" } }, "sha512-QtuV5OMR8/rdKJs213iwXDpfVvnskPXY/S0ZiFbsTjQZycuqPbMW8Gf/XhLfwE5njW8sxI2WjISURXPlHypMFA=="],

    "@types/node": ["@types/node@22.13.8", "https://registry.npmmirror.com/@types/node/-/node-22.13.8.tgz", { "dependencies": { "undici-types": "~6.20.0" } }, "sha512-G3EfaZS+iOGYWLLRCEAXdWK9my08oHNZ+FHluRiggIYJPOXzhOiDgpVCUHaUvyIC5/fj7C/p637jdzC666AOKQ=="],

    "@types/react": ["@types/react@19.0.10", "https://registry.npmmirror.com/@types/react/-/react-19.0.10.tgz", { "dependencies": { "csstype": "^3.0.2" } }, "sha512-JuRQ9KXLEjaUNjTWpzuR231Z2WpIwczOkBEIvbHNCzQefFIT0L8IqE6NV6ULLyC1SI/i234JnDoMkfg+RjQj2g=="],

    "@types/ws": ["@types/ws@8.5.14", "https://registry.npmmirror.com/@types/ws/-/ws-8.5.14.tgz", { "dependencies": { "@types/node": "*" } }, "sha512-bd/YFLW+URhBzMXurx7lWByOu+xzU9+kb3RboOteXYDfW+tr+JZa99OyNmPINEGB/ahzKrEuc8rcv4gnpJmxTw=="],

    "ansi-regex": ["ansi-regex@5.0.1", "https://registry.npmmirror.com/ansi-regex/-/ansi-regex-5.0.1.tgz", {}, "sha512-quJQXlTSUGL2LH9SUXo8VwsY4soanhgo6LNSm84E1LBcE8s3O0wpdiRzyR9z/ZZJMlMWv37qOOb9pdJlMUEKFQ=="],

    "ansi-styles": ["ansi-styles@4.3.0", "https://registry.npmmirror.com/ansi-styles/-/ansi-styles-4.3.0.tgz", { "dependencies": { "color-convert": "^2.0.1" } }, "sha512-zbB9rCJAT1rbjiVDb2hqKFHNYLxgtk8NURxZ3IZwD3F6NtxbXZQCnnSi1Lkx+IDohdPlFp222wVALIheZJQSEg=="],

    "aria-query": ["aria-query@5.3.0", "https://registry.npmmirror.com/aria-query/-/aria-query-5.3.0.tgz", { "dependencies": { "dequal": "^2.0.3" } }, "sha512-b0P0sZPKtyu8HkeRAfCq0IfURZK+SuwMjY1UXGBU27wpAiTwQAIlq56IbIO+ytk/JjS1fMR14ee5WBBfKi5J6A=="],

    "bun-types": ["bun-types@1.2.4", "https://registry.npmmirror.com/bun-types/-/bun-types-1.2.4.tgz", { "dependencies": { "@types/node": "*", "@types/ws": "~8.5.10" } }, "sha512-nDPymR207ZZEoWD4AavvEaa/KZe/qlrbMSchqpQwovPZCKc7pwMoENjEtHgMKaAjJhy+x6vfqSBA1QU3bJgs0Q=="],

    "chalk": ["chalk@4.1.2", "https://registry.npmmirror.com/chalk/-/chalk-4.1.2.tgz", { "dependencies": { "ansi-styles": "^4.1.0", "supports-color": "^7.1.0" } }, "sha512-oKnbhFyRIXpUuez8iBMmyEa4nbj4IOQyuhc/wy9kY7/WVPcwIO9VA668Pu8RkO7+0G76SLROeyw9CpQ061i4mA=="],

    "color-convert": ["color-convert@2.0.1", "https://registry.npmmirror.com/color-convert/-/color-convert-2.0.1.tgz", { "dependencies": { "color-name": "~1.1.4" } }, "sha512-RRECPsj7iu/xb5oKYcsFHSppFNnsj/52OVTRKb4zP5onXwVF3zVmmToNcOfGC+CRDpfK/U584fMg38ZHCaElKQ=="],

    "color-name": ["color-name@1.1.4", "https://registry.npmmirror.com/color-name/-/color-name-1.1.4.tgz", {}, "sha512-dOy+3AuW3a2wNbZHIuMZpTcgjGuLU/uBL/ubcZF9OXbDo8ff4O8yVp5Bf0efS8uEoYo5q4Fx7dY9OgQGXgAsQA=="],

    "csstype": ["csstype@3.1.3", "https://registry.npmmirror.com/csstype/-/csstype-3.1.3.tgz", {}, "sha512-M1uQkMl8rQK/szD0LNhtqxIPLpimGm8sOBwU7lLnCpSbTyY3yeU1Vc7l4KT5zT4s/yOxHH5O7tIuuLOCnLADRw=="],

    "dequal": ["dequal@2.0.3", "https://registry.npmmirror.com/dequal/-/dequal-2.0.3.tgz", {}, "sha512-0je+qPKHEMohvfRTCEo3CrPG6cAzAYgmzKyxRiYSSDkS6eGJdyVJm7WaYA5ECaAD9wLB2T4EEeymA5aFVcYXCA=="],

    "dom-accessibility-api": ["dom-accessibility-api@0.5.16", "https://registry.npmmirror.com/dom-accessibility-api/-/dom-accessibility-api-0.5.16.tgz", {}, "sha512-X7BJ2yElsnOJ30pZF4uIIDfBEVgF4XEBxL9Bxhy6dnrm5hkzqmsWHGTiHqRiITNhMyFLyAiWndIJP7Z1NTteDg=="],

    "git-cz": ["git-cz@4.9.0", "https://registry.npmmirror.com/git-cz/-/git-cz-4.9.0.tgz", { "bin": { "git-cz": "bin/git-cz.js", "gitcz": "bin/git-cz.js" } }, "sha512-cSRL8IIOXU7UFLdbziCYqg8f8InwLwqHezkiRHNSph7oZqGv0togId1kMTfKil6gzK0VaSXeVBb4oDl0fQCHiw=="],

    "has-flag": ["has-flag@4.0.0", "https://registry.npmmirror.com/has-flag/-/has-flag-4.0.0.tgz", {}, "sha512-EykJT/Q1KjTWctppgIAgfSO0tKVuZUjhgMr17kqTumMl6Afv3EISleU7qZUzoXDFTAHTDC4NOoG/ZxU3EvlMPQ=="],

    "js-tokens": ["js-tokens@4.0.0", "https://registry.npmmirror.com/js-tokens/-/js-tokens-4.0.0.tgz", {}, "sha512-RdJUflcE3cUzKiMqQgsCu06FPu9UdIJO0beYbPhHN4k6apgJtifcoCtT9bcxOpYBtpD2kCM6Sbzg4CausW/PKQ=="],

    "lefthook": ["lefthook@1.11.2", "https://registry.npmmirror.com/lefthook/-/lefthook-1.11.2.tgz", { "optionalDependencies": { "lefthook-darwin-arm64": "1.11.2", "lefthook-darwin-x64": "1.11.2", "lefthook-freebsd-arm64": "1.11.2", "lefthook-freebsd-x64": "1.11.2", "lefthook-linux-arm64": "1.11.2", "lefthook-linux-x64": "1.11.2", "lefthook-openbsd-arm64": "1.11.2", "lefthook-openbsd-x64": "1.11.2", "lefthook-windows-arm64": "1.11.2", "lefthook-windows-x64": "1.11.2" }, "bin": { "lefthook": "bin/index.js" } }, "sha512-/5royc/WbL2KTfFJ54wEdvxUZOBXwc54v/fW2Bz4LMOkAA3LWIxnoUiybSiauu+nhdTG98qERxH1YHwF2wZlAA=="],

    "lefthook-darwin-arm64": ["lefthook-darwin-arm64@1.11.2", "https://registry.npmmirror.com/lefthook-darwin-arm64/-/lefthook-darwin-arm64-1.11.2.tgz", { "os": "darwin", "cpu": "arm64" }, "sha512-8DpvrybtWdt6UmfZk+hA8daYXr6zkpJVogZ8M49BQx6ISSKUaC03xzO1m4MrAsoKok77ka4JAidYhOa2gCu15A=="],

    "lefthook-darwin-x64": ["lefthook-darwin-x64@1.11.2", "https://registry.npmmirror.com/lefthook-darwin-x64/-/lefthook-darwin-x64-1.11.2.tgz", { "os": "darwin", "cpu": "x64" }, "sha512-DrL1SOT8lJksjudRu6fTZTp3M0EbpCP2RQ22MDT71clS8BMrFL8x3h9Ziw+uNH76j9zA241tW5zMxWMSv+foAA=="],

    "lefthook-freebsd-arm64": ["lefthook-freebsd-arm64@1.11.2", "https://registry.npmmirror.com/lefthook-freebsd-arm64/-/lefthook-freebsd-arm64-1.11.2.tgz", { "os": "freebsd", "cpu": "arm64" }, "sha512-AliG4Wi8BNC27hCSnuFBeUXh/eA3fppnUbQQPISy/G94yfwRkzyml9MZzvb7HKmUpw1LT0sq9RQ6FQPxBZ2DYA=="],

    "lefthook-freebsd-x64": ["lefthook-freebsd-x64@1.11.2", "https://registry.npmmirror.com/lefthook-freebsd-x64/-/lefthook-freebsd-x64-1.11.2.tgz", { "os": "freebsd", "cpu": "x64" }, "sha512-V6cgRCoi5+jcq6XBIdRYraeEOK1UhBrtL/XZlNypAIkhPoBtfTP9u2wSprGMDzZvJCRriLXZxV/d0v94laKXzA=="],

    "lefthook-linux-arm64": ["lefthook-linux-arm64@1.11.2", "https://registry.npmmirror.com/lefthook-linux-arm64/-/lefthook-linux-arm64-1.11.2.tgz", { "os": "linux", "cpu": "arm64" }, "sha512-VKcK7sjIK8UpXX/qK6Fxa0Lnwr4gzRtlXDS17jzxThcyFk8iGBpQ+9ZnPLv2yAaEIzmGhJUG9sDgOb9IQ5kpBQ=="],

    "lefthook-linux-x64": ["lefthook-linux-x64@1.11.2", "https://registry.npmmirror.com/lefthook-linux-x64/-/lefthook-linux-x64-1.11.2.tgz", { "os": "linux", "cpu": "x64" }, "sha512-aGa2Krph14YwSW7KF0PrlCBK9P7V/Z4oFklonmz3r2Fjm8EdhA750y7OQvA9KerXRleIb5SaUH/cz1azG/izeQ=="],

    "lefthook-openbsd-arm64": ["lefthook-openbsd-arm64@1.11.2", "https://registry.npmmirror.com/lefthook-openbsd-arm64/-/lefthook-openbsd-arm64-1.11.2.tgz", { "os": "openbsd", "cpu": "arm64" }, "sha512-f7owNQ9Ki6Y07KBgdXdH28EYO0eBdZuGTpIggMeHNhYFVDavxuINP2BjmbXtzpUu8K5BX6exGx0umtWhRhXbvQ=="],

    "lefthook-openbsd-x64": ["lefthook-openbsd-x64@1.11.2", "https://registry.npmmirror.com/lefthook-openbsd-x64/-/lefthook-openbsd-x64-1.11.2.tgz", { "os": "openbsd", "cpu": "x64" }, "sha512-HKv6PV64vOjqPrlxAqo07N9+Z34jdPDBfeExqi0ldR7vACFaBJFIdhWCLLP+3uQUrNKc8GXlikqplZn8MgRSQw=="],

    "lefthook-windows-arm64": ["lefthook-windows-arm64@1.11.2", "https://registry.npmmirror.com/lefthook-windows-arm64/-/lefthook-windows-arm64-1.11.2.tgz", { "os": "win32", "cpu": "arm64" }, "sha512-042jCKZ/H+lS6XYoMIf2FWMP2hxXqfAT52UW6lYObIOvQ5xu/epUXFjtmXRyYxCv57No3JYYMg1Yr06xdzTKkQ=="],

    "lefthook-windows-x64": ["lefthook-windows-x64@1.11.2", "https://registry.npmmirror.com/lefthook-windows-x64/-/lefthook-windows-x64-1.11.2.tgz", { "os": "win32", "cpu": "x64" }, "sha512-1Map6Ck2AyfY6ptN9T19N41HFKFqRTzmILtGaRGJABEzHiE4+gSWcq5YT1R6cCtkVlewD3Lx+J/80D/Kb/cVtw=="],

    "lz-string": ["lz-string@1.5.0", "https://registry.npmmirror.com/lz-string/-/lz-string-1.5.0.tgz", { "bin": { "lz-string": "bin/bin.js" } }, "sha512-h5bgJWpxJNswbU7qCrV0tIKQCaS3blPDrqKWx+QxzuzL1zGUzij9XCWLrSLsJPu5t+eWA/ycetzYAO5IOMcWAQ=="],

    "picocolors": ["picocolors@1.1.1", "https://registry.npmmirror.com/picocolors/-/picocolors-1.1.1.tgz", {}, "sha512-xceH2snhtb5M9liqDsmEw56le376mTZkEX/jEb/RxNFyegNul7eNslCXP9FDj/Lcu0X8KEyMceP2ntpaHrDEVA=="],

    "pretty-format": ["pretty-format@27.5.1", "https://registry.npmmirror.com/pretty-format/-/pretty-format-27.5.1.tgz", { "dependencies": { "ansi-regex": "^5.0.1", "ansi-styles": "^5.0.0", "react-is": "^17.0.1" } }, "sha512-Qb1gy5OrP5+zDf2Bvnzdl3jsTf1qXVMazbvCoKhtKqVs4/YK4ozX4gKQJJVyNe+cajNPn0KoC0MC3FUmaHWEmQ=="],

    "react": ["react@19.0.0", "https://registry.npmmirror.com/react/-/react-19.0.0.tgz", {}, "sha512-V8AVnmPIICiWpGfm6GLzCR/W5FXLchHop40W4nXBmdlEceh16rCN8O8LNWm5bh5XUX91fh7KpA+W0TgMKmgTpQ=="],

    "react-dom": ["react-dom@19.0.0", "https://registry.npmmirror.com/react-dom/-/react-dom-19.0.0.tgz", { "dependencies": { "scheduler": "^0.25.0" }, "peerDependencies": { "react": "^19.0.0" } }, "sha512-4GV5sHFG0e/0AD4X+ySy6UJd3jVl1iNsNHdpad0qhABJ11twS3TTBnseqsKurKcsNqCEFeGL3uLpVChpIO3QfQ=="],

    "react-is": ["react-is@17.0.2", "https://registry.npmmirror.com/react-is/-/react-is-17.0.2.tgz", {}, "sha512-w2GsyukL62IJnlaff/nRegPQR94C/XXamvMWmSHRJ4y7Ts/4ocGRmTHvOs8PSE6pB3dWOrD/nueuU5sduBsQ4w=="],

    "regenerator-runtime": ["regenerator-runtime@0.14.1", "https://registry.npmmirror.com/regenerator-runtime/-/regenerator-runtime-0.14.1.tgz", {}, "sha512-dYnhHh0nJoMfnkZs6GmmhFknAGRrLznOu5nc9ML+EJxGvrx6H7teuevqVqCuPcPK//3eDrrjQhehXVx9cnkGdw=="],

    "scheduler": ["scheduler@0.25.0", "https://registry.npmmirror.com/scheduler/-/scheduler-0.25.0.tgz", {}, "sha512-xFVuu11jh+xcO7JOAGJNOXld8/TcEHK/4CituBUeUb5hqxJLj9YuemAEuvm9gQ/+pgXYfbQuqAkiYu+u7YEsNA=="],

    "supports-color": ["supports-color@7.2.0", "https://registry.npmmirror.com/supports-color/-/supports-color-7.2.0.tgz", { "dependencies": { "has-flag": "^4.0.0" } }, "sha512-qpCAvRl9stuOHveKsn7HncJRvv501qIacKzQlO/+Lwxc9+0q2wLyv4Dfvt80/DPn2pqOBsJdDiogXGR9+OvwRw=="],

    "typescript": ["typescript@5.8.2", "https://registry.npmmirror.com/typescript/-/typescript-5.8.2.tgz", { "bin": { "tsc": "bin/tsc", "tsserver": "bin/tsserver" } }, "sha512-aJn6wq13/afZp/jT9QZmwEjDqqvSGp1VT5GVg+f/t6/oVyrgXM6BY1h9BRh/O5p3PlUPAe+WuiEZOmb/49RqoQ=="],

    "undici-types": ["undici-types@6.20.0", "https://registry.npmmirror.com/undici-types/-/undici-types-6.20.0.tgz", {}, "sha512-Ny6QZ2Nju20vw1SRHe3d9jVu6gJ+4e3+MMpqu7pqE5HT6WsTSlce++GQmK5UXS8mzV8DSYHrQH+Xrf2jVcuKNg=="],

    "pretty-format/ansi-styles": ["ansi-styles@5.2.0", "https://registry.npmmirror.com/ansi-styles/-/ansi-styles-5.2.0.tgz", {}, "sha512-Cxwpt2SfTzTtXcfOlzGEee8O+c+MmUgGrNiBcXnuWxuFJHe6a5Hz7qwhwe5OgaSYI0IJvkLqWX1ASG+cJOkEiA=="],
  }
}
